
Microsoft Visual Studio Solution File, Format Version 12.00
# Visual Studio Version 17
VisualStudioVersion = 17.11.35222.181
MinimumVisualStudioVersion = 10.0.40219.1
Project("{FAE04EC0-301F-11D3-BF4B-00C04F79EFBC}") = "BD_7", "BD_7\BD_7.csproj", "{B200010D-7107-495A-81C6-6552100B0794}"
EndProject
Global
	GlobalSection(SolutionConfigurationPlatforms) = preSolution
		Debug|Any CPU = Debug|Any CPU
		Release|Any CPU = Release|Any CPU
	EndGlobalSection
	GlobalSection(ProjectConfigurationPlatforms) = postSolution
		{B200010D-7107-495A-81C6-6552100B0794}.Debug|Any CPU.ActiveCfg = Debug|Any CPU
		{B200010D-7107-495A-81C6-6552100B0794}.Debug|Any CPU.Build.0 = Debug|Any CPU
		{B200010D-7107-495A-81C6-6552100B0794}.Release|Any CPU.ActiveCfg = Release|Any CPU
		{B200010D-7107-495A-81C6-6552100B0794}.Release|Any CPU.Build.0 = Release|Any CPU
	EndGlobalSection
	GlobalSection(SolutionProperties) = preSolution
		HideSolutionNode = FALSE
	EndGlobalSection
	GlobalSection(ExtensibilityGlobals) = postSolution
		SolutionGuid = {5CBE5672-680B-476D-BE14-AAE0A6546F41}
	EndGlobalSection
EndGlobal
